# This file was autogenerated by Stack.
# You should not edit this file by hand.
# For more information, please see the documentation at:
#   https://docs.haskellstack.org/en/stable/lock_files

packages:
- completed:
    hackage: acme-realworld-0.1.1@sha256:42cefe4d7af40c8630562d1360696fdefc64813ddc65d60092d93f570c577010,1371
    pantry-tree:
      sha256: 263cc65c3399286ca3768581ba7e39618597f3429e1b3814cf1a4c0d76d0a3cd
      size: 216
  original:
    hackage: acme-realworld-0.1.1
- completed:
    hackage: acme-missiles-0.3@sha256:2ba66a092a32593880a87fb00f3213762d7bca65a687d45965778deb8694c5d1,613
    pantry-tree:
      sha256: 614bc0cca76937507ea0a5ccc17a504c997ce458d7f2f9e43b15a10c8eaeb033
      size: 226
  original:
    hackage: acme-missiles-0.3
snapshots:
- completed:
    sha256: 31a722458578b1f709b6fe098d9027bbb5c04b4430e7338a5e69707bd3990e5d
    size: 720019
    url: https://raw.githubusercontent.com/commercialhaskell/stackage-snapshots/master/lts/22/35.yaml
  original:
    url: https://raw.githubusercontent.com/commercialhaskell/stackage-snapshots/master/lts/22/35.yaml
