# This file is automatically @generated by Cargo.
# It is not intended for manual editing.
version = 4

[[package]]
name = "cgp"
version = "0.4.2"
source = "registry+https://github.com/rust-lang/crates.io-index"
checksum = "867bcaa45c89d2ea7a58dee41d84c2da71146a089efc239ca31f3a630916e3b6"
dependencies = [
 "cgp-async",
 "cgp-core",
 "cgp-extra",
]

[[package]]
name = "cgp-async"
version = "0.4.2"
source = "registry+https://github.com/rust-lang/crates.io-index"
checksum = "93b20a917a8fd981dffacd74f2e5cfd9d316e132ab96089bd1a8756e3b45e224"
dependencies = [
 "cgp-async-macro",
 "cgp-sync",
]

[[package]]
name = "cgp-async-macro"
version = "0.4.2"
source = "registry+https://github.com/rust-lang/crates.io-index"
checksum = "fcc7bb4258be12bbefe530b52db47e43e8766fce66c91b76d0c094f3daaff075"
dependencies = [
 "proc-macro2",
 "quote",
 "syn",
]

[[package]]
name = "cgp-component"
version = "0.4.2"
source = "registry+https://github.com/rust-lang/crates.io-index"
checksum = "87bd60d133ed741917908dc86a3f3baff697dd88e75c1576b615f65fcf4ffd21"

[[package]]
name = "cgp-core"
version = "0.4.2"
source = "registry+https://github.com/rust-lang/crates.io-index"
checksum = "6dbf9a07064a2cb1641b0d44667c4661d43305dd9b0ff88e50c820b9dc4f16e2"
dependencies = [
 "cgp-async",
 "cgp-component",
 "cgp-error",
 "cgp-field",
 "cgp-macro",
 "cgp-type",
]

[[package]]
name = "cgp-dispatch"
version = "0.4.2"
source = "registry+https://github.com/rust-lang/crates.io-index"
checksum = "360acff2d050f12a424387ac4674fc5bc2d9accce5108dda34e6f33f961db08b"
dependencies = [
 "cgp-core",
 "cgp-handler",
]

[[package]]
name = "cgp-error"
version = "0.4.2"
source = "registry+https://github.com/rust-lang/crates.io-index"
checksum = "ed8a4248eea48cdeaff877c42d330d1e1e86787110bb98623d31348b583b36c1"
dependencies = [
 "cgp-async",
 "cgp-component",
 "cgp-macro",
 "cgp-type",
]

[[package]]
name = "cgp-error-extra"
version = "0.4.2"
source = "registry+https://github.com/rust-lang/crates.io-index"
checksum = "ba28ac50f6cded8883d07323d590af02f3ba49eacc432c5313f822d1cd4442e8"
dependencies = [
 "cgp-core",
]

[[package]]
name = "cgp-extra"
version = "0.4.2"
source = "registry+https://github.com/rust-lang/crates.io-index"
checksum = "d19e2c7d6ab7940ae918327aceb45d5b97c05db2b2ad17af8c9ebbf9fce0d5cd"
dependencies = [
 "cgp-core",
 "cgp-dispatch",
 "cgp-error-extra",
 "cgp-handler",
 "cgp-inner",
 "cgp-run",
 "cgp-runtime",
]

[[package]]
name = "cgp-field"
version = "0.4.2"
source = "registry+https://github.com/rust-lang/crates.io-index"
checksum = "c192a0b5803dce94322085005e609491f8eda2d70181751f9a46698a2a111afd"
dependencies = [
 "cgp-component",
 "cgp-macro",
 "cgp-type",
]

[[package]]
name = "cgp-handler"
version = "0.4.2"
source = "registry+https://github.com/rust-lang/crates.io-index"
checksum = "70c8ee4378fc558a16cc875cf4158f66ccc5b13bacf2d1189a86665918ac1828"
dependencies = [
 "cgp-core",
]

[[package]]
name = "cgp-inner"
version = "0.4.2"
source = "registry+https://github.com/rust-lang/crates.io-index"
checksum = "ef155907877e6ce0fcaa84f08bcb5890597d9261f774a4f054379283edb1a35b"
dependencies = [
 "cgp-component",
 "cgp-macro",
]

[[package]]
name = "cgp-macro"
version = "0.4.2"
source = "registry+https://github.com/rust-lang/crates.io-index"
checksum = "7f0cead66dd7fe1ef05f7d54f13e2c914e954b94753168d9942df3131ea718f0"
dependencies = [
 "cgp-macro-lib",
 "syn",
]

[[package]]
name = "cgp-macro-lib"
version = "0.4.2"
source = "registry+https://github.com/rust-lang/crates.io-index"
checksum = "43a54d980a1cc986742736cdcdf554f4ab65eed1d7bbc13b4549296c7aa0f27d"
dependencies = [
 "itertools",
 "prettyplease",
 "proc-macro2",
 "quote",
 "syn",
]

[[package]]
name = "cgp-run"
version = "0.4.2"
source = "registry+https://github.com/rust-lang/crates.io-index"
checksum = "a0c11a499e04239cb3e568ce48d55638054b0c0ce6ed7bbe222d4e6c5e3c9ff6"
dependencies = [
 "cgp-async",
 "cgp-component",
 "cgp-error",
 "cgp-macro",
]

[[package]]
name = "cgp-runtime"
version = "0.4.2"
source = "registry+https://github.com/rust-lang/crates.io-index"
checksum = "212023c94dcd5ef93056dd94e2c46610cd4a4b9f189918bc84b96aa584f13939"
dependencies = [
 "cgp-core",
]

[[package]]
name = "cgp-sync"
version = "0.4.2"
source = "registry+https://github.com/rust-lang/crates.io-index"
checksum = "dd878148a7773c4f9792d4c884de9b154720ae1d7a91f747ef84a3ddf16a22a8"
dependencies = [
 "cgp-async-macro",
]

[[package]]
name = "cgp-type"
version = "0.4.2"
source = "registry+https://github.com/rust-lang/crates.io-index"
checksum = "57137d4b2781a89d994581863438a753c049119e75ef1df096190224dd4e355e"
dependencies = [
 "cgp-component",
 "cgp-macro",
]

[[package]]
name = "either"
version = "1.15.0"
source = "registry+https://github.com/rust-lang/crates.io-index"
checksum = "48c757948c5ede0e46177b7add2e67155f70e33c07fea8284df6576da70b3719"

[[package]]
name = "hello-cgp"
version = "0.1.0"
dependencies = [
 "cgp",
]

[[package]]
name = "itertools"
version = "0.14.0"
source = "registry+https://github.com/rust-lang/crates.io-index"
checksum = "2b192c782037fadd9cfa75548310488aabdbf3d2da73885b31bd0abd03351285"
dependencies = [
 "either",
]

[[package]]
name = "prettyplease"
version = "0.2.35"
source = "registry+https://github.com/rust-lang/crates.io-index"
checksum = "061c1221631e079b26479d25bbf2275bfe5917ae8419cd7e34f13bfc2aa7539a"
dependencies = [
 "proc-macro2",
 "syn",
]

[[package]]
name = "proc-macro2"
version = "1.0.95"
source = "registry+https://github.com/rust-lang/crates.io-index"
checksum = "02b3e5e68a3a1a02aad3ec490a98007cbc13c37cbe84a3cd7b8e406d76e7f778"
dependencies = [
 "unicode-ident",
]

[[package]]
name = "quote"
version = "1.0.40"
source = "registry+https://github.com/rust-lang/crates.io-index"
checksum = "1885c039570dc00dcb4ff087a89e185fd56bae234ddc7f056a945bf36467248d"
dependencies = [
 "proc-macro2",
]

[[package]]
name = "syn"
version = "2.0.104"
source = "registry+https://github.com/rust-lang/crates.io-index"
checksum = "17b6f705963418cdb9927482fa304bc562ece2fdd4f616084c50b7023b435a40"
dependencies = [
 "proc-macro2",
 "quote",
 "unicode-ident",
]

[[package]]
name = "unicode-ident"
version = "1.0.18"
source = "registry+https://github.com/rust-lang/crates.io-index"
checksum = "5a5f39404a5da50712a4c1eecf25e90dd62b613502b7e925fd4e4d19b5c96512"
